
Microsoft Visual Studio Solution File, Format Version 12.00
# Visual Studio Version 17
VisualStudioVersion = 17.2.32616.157
MinimumVisualStudioVersion = 10.0.40219.1
Project("{FAE04EC0-301F-11D3-BF4B-00C04F79EFBC}") = "Campus-Practica-Programacion-Intermedia1", "Campus-Practica-Programacion-Intermedia1\Campus-Practica-Programacion-Intermedia1.csproj", "{C101AB77-C344-4BD2-9B6A-3C3B785A8C58}"
EndProject
Global
	GlobalSection(SolutionConfigurationPlatforms) = preSolution
		Debug|Any CPU = Debug|Any CPU
		Release|Any CPU = Release|Any CPU
	EndGlobalSection
	GlobalSection(ProjectConfigurationPlatforms) = postSolution
		{C101AB77-C344-4BD2-9B6A-3C3B785A8C58}.Debug|Any CPU.ActiveCfg = Debug|Any CPU
		{C101AB77-C344-4BD2-9B6A-3C3B785A8C58}.Debug|Any CPU.Build.0 = Debug|Any CPU
		{C101AB77-C344-4BD2-9B6A-3C3B785A8C58}.Release|Any CPU.ActiveCfg = Release|Any CPU
		{C101AB77-C344-4BD2-9B6A-3C3B785A8C58}.Release|Any CPU.Build.0 = Release|Any CPU
	EndGlobalSection
	GlobalSection(SolutionProperties) = preSolution
		HideSolutionNode = FALSE
	EndGlobalSection
	GlobalSection(ExtensibilityGlobals) = postSolution
		SolutionGuid = {3C0ED6CA-EE45-4225-A418-971FE9DD4597}
	EndGlobalSection
EndGlobal
